
Microsoft Visual Studio Solution File, Format Version 12.00
# Visual Studio Version 17
VisualStudioVersion = 17.14.36811.4 d17.14
MinimumVisualStudioVersion = 10.0.40219.1
Project("{FAE04EC0-301F-11D3-BF4B-00C04F79EFBC}") = "BookShopSchool", "BookShopSchool\BookShopSchool.csproj", "{1AB73EAC-1A7E-43F2-8321-939389D42BB8}"
EndProject
Global
	GlobalSection(SolutionConfigurationPlatforms) = preSolution
		Debug|Any CPU = Debug|Any CPU
		Release|Any CPU = Release|Any CPU
	EndGlobalSection
	GlobalSection(ProjectConfigurationPlatforms) = postSolution
		{1AB73EAC-1A7E-43F2-8321-939389D42BB8}.Debug|Any CPU.ActiveCfg = Debug|Any CPU
		{1AB73EAC-1A7E-43F2-8321-939389D42BB8}.Debug|Any CPU.Build.0 = Debug|Any CPU
		{1AB73EAC-1A7E-43F2-8321-939389D42BB8}.Release|Any CPU.ActiveCfg = Release|Any CPU
		{1AB73EAC-1A7E-43F2-8321-939389D42BB8}.Release|Any CPU.Build.0 = Release|Any CPU
	EndGlobalSection
	GlobalSection(SolutionProperties) = preSolution
		HideSolutionNode = FALSE
	EndGlobalSection
	GlobalSection(ExtensibilityGlobals) = postSolution
		SolutionGuid = {30FCE6FE-F18E-48D3-A6FA-D68AB4657787}
	EndGlobalSection
EndGlobal
